
Microsoft Visual Studio Solution File, Format Version 11.00
# Visual Studio 2010
Project("{FAE04EC0-301F-11D3-BF4B-00C04F79EFBC}") = "PetaPocoMVC_Sample", "PetaPocoMVC_Sample\PetaPocoMVC_Sample.csproj", "{1292830D-97C2-414C-B3FC-12EEE16A9756}"
EndProject
Project("{FAE04EC0-301F-11D3-BF4B-00C04F79EFBC}") = "PetaPocoMVC_Sample.Tests", "PetaPocoMVC_Sample.Tests\PetaPocoMVC_Sample.Tests.csproj", "{FB7E3C80-F657-4E88-8067-01F34FE5C50A}"
EndProject
Global
	GlobalSection(SolutionConfigurationPlatforms) = preSolution
		Debug|Any CPU = Debug|Any CPU
		Release|Any CPU = Release|Any CPU
	EndGlobalSection
	GlobalSection(ProjectConfigurationPlatforms) = postSolution
		{1292830D-97C2-414C-B3FC-12EEE16A9756}.Debug|Any CPU.ActiveCfg = Debug|Any CPU
		{1292830D-97C2-414C-B3FC-12EEE16A9756}.Debug|Any CPU.Build.0 = Debug|Any CPU
		{1292830D-97C2-414C-B3FC-12EEE16A9756}.Release|Any CPU.ActiveCfg = Release|Any CPU
		{1292830D-97C2-414C-B3FC-12EEE16A9756}.Release|Any CPU.Build.0 = Release|Any CPU
		{FB7E3C80-F657-4E88-8067-01F34FE5C50A}.Debug|Any CPU.ActiveCfg = Debug|Any CPU
		{FB7E3C80-F657-4E88-8067-01F34FE5C50A}.Debug|Any CPU.Build.0 = Debug|Any CPU
		{FB7E3C80-F657-4E88-8067-01F34FE5C50A}.Release|Any CPU.ActiveCfg = Release|Any CPU
		{FB7E3C80-F657-4E88-8067-01F34FE5C50A}.Release|Any CPU.Build.0 = Release|Any CPU
	EndGlobalSection
	GlobalSection(SolutionProperties) = preSolution
		HideSolutionNode = FALSE
	EndGlobalSection
EndGlobal
